
Microsoft Visual Studio Solution File, Format Version 12.00
# Visual Studio Version 17
VisualStudioVersion = 17.14.36518.9
MinimumVisualStudioVersion = 10.0.40219.1
Project("{FAE04EC0-301F-11D3-BF4B-00C04F79EFBC}") = "PromoWeb", "PromoWeb.csproj", "{71335847-C0FE-4C1A-A93F-619059F3A00C}"
EndProject
Project("{FAE04EC0-301F-11D3-BF4B-00C04F79EFBC}") = "dominio", "..\dominio\dominio.csproj", "{3A5EEBCA-2F10-4974-8578-BFC5787CDFD3}"
EndProject
Project("{FAE04EC0-301F-11D3-BF4B-00C04F79EFBC}") = "datos", "..\datos\datos.csproj", "{BBACDB97-8657-4C48-8CA2-1870381291FC}"
EndProject
Project("{FAE04EC0-301F-11D3-BF4B-00C04F79EFBC}") = "negocio", "..\negocio\negocio.csproj", "{F20D05B8-908F-46A8-88BF-19640B1831DB}"
EndProject
Global
	GlobalSection(SolutionConfigurationPlatforms) = preSolution
		Debug|Any CPU = Debug|Any CPU
		Release|Any CPU = Release|Any CPU
	EndGlobalSection
	GlobalSection(ProjectConfigurationPlatforms) = postSolution
		{71335847-C0FE-4C1A-A93F-619059F3A00C}.Debug|Any CPU.ActiveCfg = Debug|Any CPU
		{71335847-C0FE-4C1A-A93F-619059F3A00C}.Debug|Any CPU.Build.0 = Debug|Any CPU
		{71335847-C0FE-4C1A-A93F-619059F3A00C}.Release|Any CPU.ActiveCfg = Release|Any CPU
		{71335847-C0FE-4C1A-A93F-619059F3A00C}.Release|Any CPU.Build.0 = Release|Any CPU
		{3A5EEBCA-2F10-4974-8578-BFC5787CDFD3}.Debug|Any CPU.ActiveCfg = Debug|Any CPU
		{3A5EEBCA-2F10-4974-8578-BFC5787CDFD3}.Debug|Any CPU.Build.0 = Debug|Any CPU
		{3A5EEBCA-2F10-4974-8578-BFC5787CDFD3}.Release|Any CPU.ActiveCfg = Release|Any CPU
		{3A5EEBCA-2F10-4974-8578-BFC5787CDFD3}.Release|Any CPU.Build.0 = Release|Any CPU
		{BBACDB97-8657-4C48-8CA2-1870381291FC}.Debug|Any CPU.ActiveCfg = Debug|Any CPU
		{BBACDB97-8657-4C48-8CA2-1870381291FC}.Debug|Any CPU.Build.0 = Debug|Any CPU
		{BBACDB97-8657-4C48-8CA2-1870381291FC}.Release|Any CPU.ActiveCfg = Release|Any CPU
		{BBACDB97-8657-4C48-8CA2-1870381291FC}.Release|Any CPU.Build.0 = Release|Any CPU
		{F20D05B8-908F-46A8-88BF-19640B1831DB}.Debug|Any CPU.ActiveCfg = Debug|Any CPU
		{F20D05B8-908F-46A8-88BF-19640B1831DB}.Debug|Any CPU.Build.0 = Debug|Any CPU
		{F20D05B8-908F-46A8-88BF-19640B1831DB}.Release|Any CPU.ActiveCfg = Release|Any CPU
		{F20D05B8-908F-46A8-88BF-19640B1831DB}.Release|Any CPU.Build.0 = Release|Any CPU
	EndGlobalSection
	GlobalSection(SolutionProperties) = preSolution
		HideSolutionNode = FALSE
	EndGlobalSection
	GlobalSection(ExtensibilityGlobals) = postSolution
		SolutionGuid = {8D303DA1-B497-453A-80C6-649CE2978543}
	EndGlobalSection
EndGlobal
